
Microsoft Visual Studio Solution File, Format Version 12.00
# Visual Studio Version 17
VisualStudioVersion = 17.0.31903.59
MinimumVisualStudioVersion = 10.0.40219.1
Project("{FAE04EC0-301F-11D3-BF4B-00C04F79EFBC}") = "Tunner.Governance", "src\Tunner.Governance\Tunner.Governance.csproj", "{2D5263F7-7A5B-4ECB-8581-1A36E46E7173}"
EndProject
Project("{FAE04EC0-301F-11D3-BF4B-00C04F79EFBC}") = "Tunner.Governance.FunctionalTests", "tests\Tunner.Governance.FunctionalTests\Tunner.Governance.FunctionalTests.csproj", "{B9D3BA62-58DD-4F38-971F-BA5490A0D18E}"
EndProject
Project("{2150E333-8FDC-42A3-9474-1A3956D46DE8}") = "src", "src", "{827E0CD3-B72D-47B6-A68D-7590B98EB39B}"
EndProject
Project("{FAE04EC0-301F-11D3-BF4B-00C04F79EFBC}") = "Tunner.Database", "src\Tunner.Database\Tunner.Database.csproj", "{9050A36B-217E-4AC1-91D3-8D390683BDF3}"
EndProject
Project("{FAE04EC0-301F-11D3-BF4B-00C04F79EFBC}") = "Tunner.Database.Migrations", "src\Tunner.Database.Migrations\Tunner.Database.Migrations.csproj", "{479EC3FC-FF39-42B6-B6EB-49F527DD6DE0}"
EndProject
Project("{FAE04EC0-301F-11D3-BF4B-00C04F79EFBC}") = "Tunner.Observability", "src\Tunner.Observability\Tunner.Observability.csproj", "{3BFC5A75-2554-4930-9B2D-DFEE4BB74746}"
EndProject
Project("{2150E333-8FDC-42A3-9474-1A3956D46DE8}") = "tests", "tests", "{0AB3BF05-4346-4AA6-1389-037BE0695223}"
EndProject
Project("{FAE04EC0-301F-11D3-BF4B-00C04F79EFBC}") = "Tunner.Observability.FunctionalTests", "tests\Tunner.Observability.FunctionalTests\Tunner.Observability.FunctionalTests.csproj", "{55A5E0B3-002A-4568-8979-256F0A6F6EB4}"
EndProject
Global
	GlobalSection(SolutionConfigurationPlatforms) = preSolution
		Debug|Any CPU = Debug|Any CPU
		Debug|x64 = Debug|x64
		Debug|x86 = Debug|x86
		Release|Any CPU = Release|Any CPU
		Release|x64 = Release|x64
		Release|x86 = Release|x86
	EndGlobalSection
	GlobalSection(ProjectConfigurationPlatforms) = postSolution
		{2D5263F7-7A5B-4ECB-8581-1A36E46E7173}.Debug|Any CPU.ActiveCfg = Debug|Any CPU
		{2D5263F7-7A5B-4ECB-8581-1A36E46E7173}.Debug|Any CPU.Build.0 = Debug|Any CPU
		{2D5263F7-7A5B-4ECB-8581-1A36E46E7173}.Debug|x64.ActiveCfg = Debug|Any CPU
		{2D5263F7-7A5B-4ECB-8581-1A36E46E7173}.Debug|x64.Build.0 = Debug|Any CPU
		{2D5263F7-7A5B-4ECB-8581-1A36E46E7173}.Debug|x86.ActiveCfg = Debug|Any CPU
		{2D5263F7-7A5B-4ECB-8581-1A36E46E7173}.Debug|x86.Build.0 = Debug|Any CPU
		{2D5263F7-7A5B-4ECB-8581-1A36E46E7173}.Release|Any CPU.ActiveCfg = Release|Any CPU
		{2D5263F7-7A5B-4ECB-8581-1A36E46E7173}.Release|Any CPU.Build.0 = Release|Any CPU
		{2D5263F7-7A5B-4ECB-8581-1A36E46E7173}.Release|x64.ActiveCfg = Release|Any CPU
		{2D5263F7-7A5B-4ECB-8581-1A36E46E7173}.Release|x64.Build.0 = Release|Any CPU
		{2D5263F7-7A5B-4ECB-8581-1A36E46E7173}.Release|x86.ActiveCfg = Release|Any CPU
		{2D5263F7-7A5B-4ECB-8581-1A36E46E7173}.Release|x86.Build.0 = Release|Any CPU
		{B9D3BA62-58DD-4F38-971F-BA5490A0D18E}.Debug|Any CPU.ActiveCfg = Debug|Any CPU
		{B9D3BA62-58DD-4F38-971F-BA5490A0D18E}.Debug|Any CPU.Build.0 = Debug|Any CPU
		{B9D3BA62-58DD-4F38-971F-BA5490A0D18E}.Debug|x64.ActiveCfg = Debug|Any CPU
		{B9D3BA62-58DD-4F38-971F-BA5490A0D18E}.Debug|x64.Build.0 = Debug|Any CPU
		{B9D3BA62-58DD-4F38-971F-BA5490A0D18E}.Debug|x86.ActiveCfg = Debug|Any CPU
		{B9D3BA62-58DD-4F38-971F-BA5490A0D18E}.Debug|x86.Build.0 = Debug|Any CPU
		{B9D3BA62-58DD-4F38-971F-BA5490A0D18E}.Release|Any CPU.ActiveCfg = Release|Any CPU
		{B9D3BA62-58DD-4F38-971F-BA5490A0D18E}.Release|Any CPU.Build.0 = Release|Any CPU
		{B9D3BA62-58DD-4F38-971F-BA5490A0D18E}.Release|x64.ActiveCfg = Release|Any CPU
		{B9D3BA62-58DD-4F38-971F-BA5490A0D18E}.Release|x64.Build.0 = Release|Any CPU
		{B9D3BA62-58DD-4F38-971F-BA5490A0D18E}.Release|x86.ActiveCfg = Release|Any CPU
		{B9D3BA62-58DD-4F38-971F-BA5490A0D18E}.Release|x86.Build.0 = Release|Any CPU
		{9050A36B-217E-4AC1-91D3-8D390683BDF3}.Debug|Any CPU.ActiveCfg = Debug|Any CPU
		{9050A36B-217E-4AC1-91D3-8D390683BDF3}.Debug|Any CPU.Build.0 = Debug|Any CPU
		{9050A36B-217E-4AC1-91D3-8D390683BDF3}.Debug|x64.ActiveCfg = Debug|Any CPU
		{9050A36B-217E-4AC1-91D3-8D390683BDF3}.Debug|x64.Build.0 = Debug|Any CPU
		{9050A36B-217E-4AC1-91D3-8D390683BDF3}.Debug|x86.ActiveCfg = Debug|Any CPU
		{9050A36B-217E-4AC1-91D3-8D390683BDF3}.Debug|x86.Build.0 = Debug|Any CPU
		{9050A36B-217E-4AC1-91D3-8D390683BDF3}.Release|Any CPU.ActiveCfg = Release|Any CPU
		{9050A36B-217E-4AC1-91D3-8D390683BDF3}.Release|Any CPU.Build.0 = Release|Any CPU
		{9050A36B-217E-4AC1-91D3-8D390683BDF3}.Release|x64.ActiveCfg = Release|Any CPU
		{9050A36B-217E-4AC1-91D3-8D390683BDF3}.Release|x64.Build.0 = Release|Any CPU
		{9050A36B-217E-4AC1-91D3-8D390683BDF3}.Release|x86.ActiveCfg = Release|Any CPU
		{9050A36B-217E-4AC1-91D3-8D390683BDF3}.Release|x86.Build.0 = Release|Any CPU
		{479EC3FC-FF39-42B6-B6EB-49F527DD6DE0}.Debug|Any CPU.ActiveCfg = Debug|Any CPU
		{479EC3FC-FF39-42B6-B6EB-49F527DD6DE0}.Debug|Any CPU.Build.0 = Debug|Any CPU
		{479EC3FC-FF39-42B6-B6EB-49F527DD6DE0}.Debug|x64.ActiveCfg = Debug|Any CPU
		{479EC3FC-FF39-42B6-B6EB-49F527DD6DE0}.Debug|x64.Build.0 = Debug|Any CPU
		{479EC3FC-FF39-42B6-B6EB-49F527DD6DE0}.Debug|x86.ActiveCfg = Debug|Any CPU
		{479EC3FC-FF39-42B6-B6EB-49F527DD6DE0}.Debug|x86.Build.0 = Debug|Any CPU
		{479EC3FC-FF39-42B6-B6EB-49F527DD6DE0}.Release|Any CPU.ActiveCfg = Release|Any CPU
		{479EC3FC-FF39-42B6-B6EB-49F527DD6DE0}.Release|Any CPU.Build.0 = Release|Any CPU
		{479EC3FC-FF39-42B6-B6EB-49F527DD6DE0}.Release|x64.ActiveCfg = Release|Any CPU
		{479EC3FC-FF39-42B6-B6EB-49F527DD6DE0}.Release|x64.Build.0 = Release|Any CPU
		{479EC3FC-FF39-42B6-B6EB-49F527DD6DE0}.Release|x86.ActiveCfg = Release|Any CPU
		{479EC3FC-FF39-42B6-B6EB-49F527DD6DE0}.Release|x86.Build.0 = Release|Any CPU
		{3BFC5A75-2554-4930-9B2D-DFEE4BB74746}.Debug|Any CPU.ActiveCfg = Debug|Any CPU
		{3BFC5A75-2554-4930-9B2D-DFEE4BB74746}.Debug|Any CPU.Build.0 = Debug|Any CPU
		{3BFC5A75-2554-4930-9B2D-DFEE4BB74746}.Debug|x64.ActiveCfg = Debug|Any CPU
		{3BFC5A75-2554-4930-9B2D-DFEE4BB74746}.Debug|x64.Build.0 = Debug|Any CPU
		{3BFC5A75-2554-4930-9B2D-DFEE4BB74746}.Debug|x86.ActiveCfg = Debug|Any CPU
		{3BFC5A75-2554-4930-9B2D-DFEE4BB74746}.Debug|x86.Build.0 = Debug|Any CPU
		{3BFC5A75-2554-4930-9B2D-DFEE4BB74746}.Release|Any CPU.ActiveCfg = Release|Any CPU
		{3BFC5A75-2554-4930-9B2D-DFEE4BB74746}.Release|Any CPU.Build.0 = Release|Any CPU
		{3BFC5A75-2554-4930-9B2D-DFEE4BB74746}.Release|x64.ActiveCfg = Release|Any CPU
		{3BFC5A75-2554-4930-9B2D-DFEE4BB74746}.Release|x64.Build.0 = Release|Any CPU
		{3BFC5A75-2554-4930-9B2D-DFEE4BB74746}.Release|x86.ActiveCfg = Release|Any CPU
		{3BFC5A75-2554-4930-9B2D-DFEE4BB74746}.Release|x86.Build.0 = Release|Any CPU
		{55A5E0B3-002A-4568-8979-256F0A6F6EB4}.Debug|Any CPU.ActiveCfg = Debug|Any CPU
		{55A5E0B3-002A-4568-8979-256F0A6F6EB4}.Debug|Any CPU.Build.0 = Debug|Any CPU
		{55A5E0B3-002A-4568-8979-256F0A6F6EB4}.Debug|x64.ActiveCfg = Debug|Any CPU
		{55A5E0B3-002A-4568-8979-256F0A6F6EB4}.Debug|x64.Build.0 = Debug|Any CPU
		{55A5E0B3-002A-4568-8979-256F0A6F6EB4}.Debug|x86.ActiveCfg = Debug|Any CPU
		{55A5E0B3-002A-4568-8979-256F0A6F6EB4}.Debug|x86.Build.0 = Debug|Any CPU
		{55A5E0B3-002A-4568-8979-256F0A6F6EB4}.Release|Any CPU.ActiveCfg = Release|Any CPU
		{55A5E0B3-002A-4568-8979-256F0A6F6EB4}.Release|Any CPU.Build.0 = Release|Any CPU
		{55A5E0B3-002A-4568-8979-256F0A6F6EB4}.Release|x64.ActiveCfg = Release|Any CPU
		{55A5E0B3-002A-4568-8979-256F0A6F6EB4}.Release|x64.Build.0 = Release|Any CPU
		{55A5E0B3-002A-4568-8979-256F0A6F6EB4}.Release|x86.ActiveCfg = Release|Any CPU
		{55A5E0B3-002A-4568-8979-256F0A6F6EB4}.Release|x86.Build.0 = Release|Any CPU
	EndGlobalSection
	GlobalSection(SolutionProperties) = preSolution
		HideSolutionNode = FALSE
	EndGlobalSection
	GlobalSection(NestedProjects) = preSolution
		{9050A36B-217E-4AC1-91D3-8D390683BDF3} = {827E0CD3-B72D-47B6-A68D-7590B98EB39B}
		{479EC3FC-FF39-42B6-B6EB-49F527DD6DE0} = {827E0CD3-B72D-47B6-A68D-7590B98EB39B}
		{3BFC5A75-2554-4930-9B2D-DFEE4BB74746} = {827E0CD3-B72D-47B6-A68D-7590B98EB39B}
		{55A5E0B3-002A-4568-8979-256F0A6F6EB4} = {0AB3BF05-4346-4AA6-1389-037BE0695223}
	EndGlobalSection
EndGlobal
